
Microsoft Visual Studio Solution File, Format Version 12.00
# Visual Studio Version 16
VisualStudioVersion = 16.0.30204.135
MinimumVisualStudioVersion = 10.0.40219.1
Project("{FAE04EC0-301F-11D3-BF4B-00C04F79EFBC}") = "PokemonStandardLibrary", "PokemonStandardLibrary\PokemonStandardLibrary.csproj", "{EB4A8EF8-C748-4571-B88B-5F4D3A63C42F}"
EndProject
Global
	GlobalSection(SolutionConfigurationPlatforms) = preSolution
		Debug|Any CPU = Debug|Any CPU
		Release|Any CPU = Release|Any CPU
	EndGlobalSection
	GlobalSection(ProjectConfigurationPlatforms) = postSolution
		{EB4A8EF8-C748-4571-B88B-5F4D3A63C42F}.Debug|Any CPU.ActiveCfg = Debug|Any CPU
		{EB4A8EF8-C748-4571-B88B-5F4D3A63C42F}.Debug|Any CPU.Build.0 = Debug|Any CPU
		{EB4A8EF8-C748-4571-B88B-5F4D3A63C42F}.Release|Any CPU.ActiveCfg = Release|Any CPU
		{EB4A8EF8-C748-4571-B88B-5F4D3A63C42F}.Release|Any CPU.Build.0 = Release|Any CPU
	EndGlobalSection
	GlobalSection(SolutionProperties) = preSolution
		HideSolutionNode = FALSE
	EndGlobalSection
	GlobalSection(ExtensibilityGlobals) = postSolution
		SolutionGuid = {19BDB6C9-0FA1-4E37-B54F-5EB4ACED1205}
	EndGlobalSection
EndGlobal
